
Microsoft Visual Studio Solution File, Format Version 12.00
# Visual Studio Version 17
VisualStudioVersion = 17.14.36121.58 d17.14
MinimumVisualStudioVersion = 10.0.40219.1
Project("{FAE04EC0-301F-11D3-BF4B-00C04F79EFBC}") = "WebApplicationPRACTICE 12345", "WebApplicationPRACTICE 12345.csproj", "{8A7722CE-70D7-4BE2-AD84-CB65B1763DBA}"
EndProject
Global
	GlobalSection(SolutionConfigurationPlatforms) = preSolution
		Debug|Any CPU = Debug|Any CPU
		Release|Any CPU = Release|Any CPU
	EndGlobalSection
	GlobalSection(ProjectConfigurationPlatforms) = postSolution
		{8A7722CE-70D7-4BE2-AD84-CB65B1763DBA}.Debug|Any CPU.ActiveCfg = Debug|Any CPU
		{8A7722CE-70D7-4BE2-AD84-CB65B1763DBA}.Debug|Any CPU.Build.0 = Debug|Any CPU
		{8A7722CE-70D7-4BE2-AD84-CB65B1763DBA}.Release|Any CPU.ActiveCfg = Release|Any CPU
		{8A7722CE-70D7-4BE2-AD84-CB65B1763DBA}.Release|Any CPU.Build.0 = Release|Any CPU
	EndGlobalSection
	GlobalSection(SolutionProperties) = preSolution
		HideSolutionNode = FALSE
	EndGlobalSection
	GlobalSection(ExtensibilityGlobals) = postSolution
		SolutionGuid = {E00D64DA-1E0A-45DC-BD18-C5BBFDD97F90}
	EndGlobalSection
EndGlobal
